
Microsoft Visual Studio Solution File, Format Version 12.00
# Visual Studio Version 16
VisualStudioVersion = 16.0.32106.194
MinimumVisualStudioVersion = 10.0.40219.1
Project("{FAE04EC0-301F-11D3-BF4B-00C04F79EFBC}") = "task2", "task2\task2.csproj", "{A2866DEE-5972-4FE0-AACB-8ADD408DD095}"
EndProject
Global
	GlobalSection(SolutionConfigurationPlatforms) = preSolution
		Debug|Any CPU = Debug|Any CPU
		Release|Any CPU = Release|Any CPU
	EndGlobalSection
	GlobalSection(ProjectConfigurationPlatforms) = postSolution
		{A2866DEE-5972-4FE0-AACB-8ADD408DD095}.Debug|Any CPU.ActiveCfg = Debug|Any CPU
		{A2866DEE-5972-4FE0-AACB-8ADD408DD095}.Debug|Any CPU.Build.0 = Debug|Any CPU
		{A2866DEE-5972-4FE0-AACB-8ADD408DD095}.Release|Any CPU.ActiveCfg = Release|Any CPU
		{A2866DEE-5972-4FE0-AACB-8ADD408DD095}.Release|Any CPU.Build.0 = Release|Any CPU
	EndGlobalSection
	GlobalSection(SolutionProperties) = preSolution
		HideSolutionNode = FALSE
	EndGlobalSection
	GlobalSection(ExtensibilityGlobals) = postSolution
		SolutionGuid = {D5CEF0DF-EC42-49B6-B7C7-8775D4954C00}
	EndGlobalSection
EndGlobal
